
Microsoft Visual Studio Solution File, Format Version 12.00
# Visual Studio 14
VisualStudioVersion = 14.0.25420.1
MinimumVisualStudioVersion = 10.0.40219.1
Project("{FAE04EC0-301F-11D3-BF4B-00C04F79EFBC}") = "Receptes.Droid", "Receptes\Receptes.Droid\Receptes.Droid.csproj", "{7A685550-19FC-4C56-A82F-4D126BAE4648}"
EndProject
Project("{FAE04EC0-301F-11D3-BF4B-00C04F79EFBC}") = "Receptes.iOS", "Receptes\Receptes.iOS\Receptes.iOS.csproj", "{E523AF4C-D04F-4CEE-B246-EEBB1E6336F1}"
EndProject
Project("{FAE04EC0-301F-11D3-BF4B-00C04F79EFBC}") = "Receptes.WinPhone", "Receptes\Receptes.WinPhone\Receptes.WinPhone.csproj", "{0CA99DAA-52E5-4D1D-B996-36BF7D58FE86}"
EndProject
Project("{FAE04EC0-301F-11D3-BF4B-00C04F79EFBC}") = "Receptes.UWP", "Receptes\Receptes.UWP\Receptes.UWP.csproj", "{E83F275E-B8ED-4AA1-891B-03E86118CBAB}"
EndProject
Project("{FAE04EC0-301F-11D3-BF4B-00C04F79EFBC}") = "Receptes.Windows", "Receptes\Receptes.Windows\Receptes.Windows.csproj", "{24A3BF4E-B596-45D4-8C80-4CC6CD732F0A}"
EndProject
Project("{FAE04EC0-301F-11D3-BF4B-00C04F79EFBC}") = "Receptes", "Receptes\Receptes\Receptes.csproj", "{6807C760-7C25-4135-B0BA-345BF3170E24}"
EndProject
Global
	GlobalSection(SolutionConfigurationPlatforms) = preSolution
		Ad-Hoc|Any CPU = Ad-Hoc|Any CPU
		Ad-Hoc|ARM = Ad-Hoc|ARM
		Ad-Hoc|iPhone = Ad-Hoc|iPhone
		Ad-Hoc|iPhoneSimulator = Ad-Hoc|iPhoneSimulator
		Ad-Hoc|x64 = Ad-Hoc|x64
		Ad-Hoc|x86 = Ad-Hoc|x86
		AppStore|Any CPU = AppStore|Any CPU
		AppStore|ARM = AppStore|ARM
		AppStore|iPhone = AppStore|iPhone
		AppStore|iPhoneSimulator = AppStore|iPhoneSimulator
		AppStore|x64 = AppStore|x64
		AppStore|x86 = AppStore|x86
		Debug|Any CPU = Debug|Any CPU
		Debug|ARM = Debug|ARM
		Debug|iPhone = Debug|iPhone
		Debug|iPhoneSimulator = Debug|iPhoneSimulator
		Debug|x64 = Debug|x64
		Debug|x86 = Debug|x86
		Release|Any CPU = Release|Any CPU
		Release|ARM = Release|ARM
		Release|iPhone = Release|iPhone
		Release|iPhoneSimulator = Release|iPhoneSimulator
		Release|x64 = Release|x64
		Release|x86 = Release|x86
	EndGlobalSection
	GlobalSection(ProjectConfigurationPlatforms) = postSolution
		{7A685550-19FC-4C56-A82F-4D126BAE4648}.Ad-Hoc|Any CPU.ActiveCfg = Release|Any CPU
		{7A685550-19FC-4C56-A82F-4D126BAE4648}.Ad-Hoc|Any CPU.Build.0 = Release|Any CPU
		{7A685550-19FC-4C56-A82F-4D126BAE4648}.Ad-Hoc|Any CPU.Deploy.0 = Release|Any CPU
		{7A685550-19FC-4C56-A82F-4D126BAE4648}.Ad-Hoc|ARM.ActiveCfg = Release|Any CPU
		{7A685550-19FC-4C56-A82F-4D126BAE4648}.Ad-Hoc|ARM.Build.0 = Release|Any CPU
		{7A685550-19FC-4C56-A82F-4D126BAE4648}.Ad-Hoc|ARM.Deploy.0 = Release|Any CPU
		{7A685550-19FC-4C56-A82F-4D126BAE4648}.Ad-Hoc|iPhone.ActiveCfg = Release|Any CPU
		{7A685550-19FC-4C56-A82F-4D126BAE4648}.Ad-Hoc|iPhone.Build.0 = Release|Any CPU
		{7A685550-19FC-4C56-A82F-4D126BAE4648}.Ad-Hoc|iPhone.Deploy.0 = Release|Any CPU
		{7A685550-19FC-4C56-A82F-4D126BAE4648}.Ad-Hoc|iPhoneSimulator.ActiveCfg = Release|Any CPU
		{7A685550-19FC-4C56-A82F-4D126BAE4648}.Ad-Hoc|iPhoneSimulator.Build.0 = Release|Any CPU
		{7A685550-19FC-4C56-A82F-4D126BAE4648}.Ad-Hoc|iPhoneSimulator.Deploy.0 = Release|Any CPU
		{7A685550-19FC-4C56-A82F-4D126BAE4648}.Ad-Hoc|x64.ActiveCfg = Release|Any CPU
		{7A685550-19FC-4C56-A82F-4D126BAE4648}.Ad-Hoc|x64.Build.0 = Release|Any CPU
		{7A685550-19FC-4C56-A82F-4D126BAE4648}.Ad-Hoc|x64.Deploy.0 = Release|Any CPU
		{7A685550-19FC-4C56-A82F-4D126BAE4648}.Ad-Hoc|x86.ActiveCfg = Release|Any CPU
		{7A685550-19FC-4C56-A82F-4D126BAE4648}.Ad-Hoc|x86.Build.0 = Release|Any CPU
		{7A685550-19FC-4C56-A82F-4D126BAE4648}.Ad-Hoc|x86.Deploy.0 = Release|Any CPU
		{7A685550-19FC-4C56-A82F-4D126BAE4648}.AppStore|Any CPU.ActiveCfg = Release|Any CPU
		{7A685550-19FC-4C56-A82F-4D126BAE4648}.AppStore|Any CPU.Build.0 = Release|Any CPU
		{7A685550-19FC-4C56-A82F-4D126BAE4648}.AppStore|Any CPU.Deploy.0 = Release|Any CPU
		{7A685550-19FC-4C56-A82F-4D126BAE4648}.AppStore|ARM.ActiveCfg = Release|Any CPU
		{7A685550-19FC-4C56-A82F-4D126BAE4648}.AppStore|ARM.Build.0 = Release|Any CPU
		{7A685550-19FC-4C56-A82F-4D126BAE4648}.AppStore|ARM.Deploy.0 = Release|Any CPU
		{7A685550-19FC-4C56-A82F-4D126BAE4648}.AppStore|iPhone.ActiveCfg = Release|Any CPU
		{7A685550-19FC-4C56-A82F-4D126BAE4648}.AppStore|iPhone.Build.0 = Release|Any CPU
		{7A685550-19FC-4C56-A82F-4D126BAE4648}.AppStore|iPhone.Deploy.0 = Release|Any CPU
		{7A685550-19FC-4C56-A82F-4D126BAE4648}.AppStore|iPhoneSimulator.ActiveCfg = Release|Any CPU
		{7A685550-19FC-4C56-A82F-4D126BAE4648}.AppStore|iPhoneSimulator.Build.0 = Release|Any CPU
		{7A685550-19FC-4C56-A82F-4D126BAE4648}.AppStore|iPhoneSimulator.Deploy.0 = Release|Any CPU
		{7A685550-19FC-4C56-A82F-4D126BAE4648}.AppStore|x64.ActiveCfg = Release|Any CPU
		{7A685550-19FC-4C56-A82F-4D126BAE4648}.AppStore|x64.Build.0 = Release|Any CPU
		{7A685550-19FC-4C56-A82F-4D126BAE4648}.AppStore|x64.Deploy.0 = Release|Any CPU
		{7A685550-19FC-4C56-A82F-4D126BAE4648}.AppStore|x86.ActiveCfg = Release|Any CPU
		{7A685550-19FC-4C56-A82F-4D126BAE4648}.AppStore|x86.Build.0 = Release|Any CPU
		{7A685550-19FC-4C56-A82F-4D126BAE4648}.AppStore|x86.Deploy.0 = Release|Any CPU
		{7A685550-19FC-4C56-A82F-4D126BAE4648}.Debug|Any CPU.ActiveCfg = Debug|Any CPU
		{7A685550-19FC-4C56-A82F-4D126BAE4648}.Debug|Any CPU.Build.0 = Debug|Any CPU
		{7A685550-19FC-4C56-A82F-4D126BAE4648}.Debug|Any CPU.Deploy.0 = Debug|Any CPU
		{7A685550-19FC-4C56-A82F-4D126BAE4648}.Debug|ARM.ActiveCfg = Debug|Any CPU
		{7A685550-19FC-4C56-A82F-4D126BAE4648}.Debug|ARM.Build.0 = Debug|Any CPU
		{7A685550-19FC-4C56-A82F-4D126BAE4648}.Debug|ARM.Deploy.0 = Debug|Any CPU
		{7A685550-19FC-4C56-A82F-4D126BAE4648}.Debug|iPhone.ActiveCfg = Debug|Any CPU
		{7A685550-19FC-4C56-A82F-4D126BAE4648}.Debug|iPhone.Build.0 = Debug|Any CPU
		{7A685550-19FC-4C56-A82F-4D126BAE4648}.Debug|iPhone.Deploy.0 = Debug|Any CPU
		{7A685550-19FC-4C56-A82F-4D126BAE4648}.Debug|iPhoneSimulator.ActiveCfg = Debug|Any CPU
		{7A685550-19FC-4C56-A82F-4D126BAE4648}.Debug|iPhoneSimulator.Build.0 = Debug|Any CPU
		{7A685550-19FC-4C56-A82F-4D126BAE4648}.Debug|iPhoneSimulator.Deploy.0 = Debug|Any CPU
		{7A685550-19FC-4C56-A82F-4D126BAE4648}.Debug|x64.ActiveCfg = Debug|Any CPU
		{7A685550-19FC-4C56-A82F-4D126BAE4648}.Debug|x64.Build.0 = Debug|Any CPU
		{7A685550-19FC-4C56-A82F-4D126BAE4648}.Debug|x64.Deploy.0 = Debug|Any CPU
		{7A685550-19FC-4C56-A82F-4D126BAE4648}.Debug|x86.ActiveCfg = Debug|Any CPU
		{7A685550-19FC-4C56-A82F-4D126BAE4648}.Debug|x86.Build.0 = Debug|Any CPU
		{7A685550-19FC-4C56-A82F-4D126BAE4648}.Debug|x86.Deploy.0 = Debug|Any CPU
		{7A685550-19FC-4C56-A82F-4D126BAE4648}.Release|Any CPU.ActiveCfg = Release|Any CPU
		{7A685550-19FC-4C56-A82F-4D126BAE4648}.Release|Any CPU.Build.0 = Release|Any CPU
		{7A685550-19FC-4C56-A82F-4D126BAE4648}.Release|Any CPU.Deploy.0 = Release|Any CPU
		{7A685550-19FC-4C56-A82F-4D126BAE4648}.Release|ARM.ActiveCfg = Release|Any CPU
		{7A685550-19FC-4C56-A82F-4D126BAE4648}.Release|ARM.Build.0 = Release|Any CPU
		{7A685550-19FC-4C56-A82F-4D126BAE4648}.Release|ARM.Deploy.0 = Release|Any CPU
		{7A685550-19FC-4C56-A82F-4D126BAE4648}.Release|iPhone.ActiveCfg = Release|Any CPU
		{7A685550-19FC-4C56-A82F-4D126BAE4648}.Release|iPhone.Build.0 = Release|Any CPU
		{7A685550-19FC-4C56-A82F-4D126BAE4648}.Release|iPhone.Deploy.0 = Release|Any CPU
		{7A685550-19FC-4C56-A82F-4D126BAE4648}.Release|iPhoneSimulator.ActiveCfg = Release|Any CPU
		{7A685550-19FC-4C56-A82F-4D126BAE4648}.Release|iPhoneSimulator.Build.0 = Release|Any CPU
		{7A685550-19FC-4C56-A82F-4D126BAE4648}.Release|iPhoneSimulator.Deploy.0 = Release|Any CPU
		{7A685550-19FC-4C56-A82F-4D126BAE4648}.Release|x64.ActiveCfg = Release|Any CPU
		{7A685550-19FC-4C56-A82F-4D126BAE4648}.Release|x64.Build.0 = Release|Any CPU
		{7A685550-19FC-4C56-A82F-4D126BAE4648}.Release|x64.Deploy.0 = Release|Any CPU
		{7A685550-19FC-4C56-A82F-4D126BAE4648}.Release|x86.ActiveCfg = Release|Any CPU
		{7A685550-19FC-4C56-A82F-4D126BAE4648}.Release|x86.Build.0 = Release|Any CPU
		{7A685550-19FC-4C56-A82F-4D126BAE4648}.Release|x86.Deploy.0 = Release|Any CPU
		{E523AF4C-D04F-4CEE-B246-EEBB1E6336F1}.Ad-Hoc|Any CPU.ActiveCfg = Ad-Hoc|iPhone
		{E523AF4C-D04F-4CEE-B246-EEBB1E6336F1}.Ad-Hoc|ARM.ActiveCfg = Ad-Hoc|iPhone
		{E523AF4C-D04F-4CEE-B246-EEBB1E6336F1}.Ad-Hoc|iPhone.ActiveCfg = Ad-Hoc|iPhone
		{E523AF4C-D04F-4CEE-B246-EEBB1E6336F1}.Ad-Hoc|iPhone.Build.0 = Ad-Hoc|iPhone
		{E523AF4C-D04F-4CEE-B246-EEBB1E6336F1}.Ad-Hoc|iPhoneSimulator.ActiveCfg = Ad-Hoc|iPhoneSimulator
		{E523AF4C-D04F-4CEE-B246-EEBB1E6336F1}.Ad-Hoc|iPhoneSimulator.Build.0 = Ad-Hoc|iPhoneSimulator
		{E523AF4C-D04F-4CEE-B246-EEBB1E6336F1}.Ad-Hoc|x64.ActiveCfg = Ad-Hoc|iPhone
		{E523AF4C-D04F-4CEE-B246-EEBB1E6336F1}.Ad-Hoc|x86.ActiveCfg = Ad-Hoc|iPhone
		{E523AF4C-D04F-4CEE-B246-EEBB1E6336F1}.AppStore|Any CPU.ActiveCfg = AppStore|iPhone
		{E523AF4C-D04F-4CEE-B246-EEBB1E6336F1}.AppStore|ARM.ActiveCfg = AppStore|iPhone
		{E523AF4C-D04F-4CEE-B246-EEBB1E6336F1}.AppStore|iPhone.ActiveCfg = AppStore|iPhone
		{E523AF4C-D04F-4CEE-B246-EEBB1E6336F1}.AppStore|iPhone.Build.0 = AppStore|iPhone
		{E523AF4C-D04F-4CEE-B246-EEBB1E6336F1}.AppStore|iPhoneSimulator.ActiveCfg = AppStore|iPhoneSimulator
		{E523AF4C-D04F-4CEE-B246-EEBB1E6336F1}.AppStore|iPhoneSimulator.Build.0 = AppStore|iPhoneSimulator
		{E523AF4C-D04F-4CEE-B246-EEBB1E6336F1}.AppStore|x64.ActiveCfg = AppStore|iPhone
		{E523AF4C-D04F-4CEE-B246-EEBB1E6336F1}.AppStore|x86.ActiveCfg = AppStore|iPhone
		{E523AF4C-D04F-4CEE-B246-EEBB1E6336F1}.Debug|Any CPU.ActiveCfg = Debug|iPhone
		{E523AF4C-D04F-4CEE-B246-EEBB1E6336F1}.Debug|ARM.ActiveCfg = Debug|iPhone
		{E523AF4C-D04F-4CEE-B246-EEBB1E6336F1}.Debug|iPhone.ActiveCfg = Debug|iPhone
		{E523AF4C-D04F-4CEE-B246-EEBB1E6336F1}.Debug|iPhone.Build.0 = Debug|iPhone
		{E523AF4C-D04F-4CEE-B246-EEBB1E6336F1}.Debug|iPhoneSimulator.ActiveCfg = Debug|iPhoneSimulator
		{E523AF4C-D04F-4CEE-B246-EEBB1E6336F1}.Debug|iPhoneSimulator.Build.0 = Debug|iPhoneSimulator
		{E523AF4C-D04F-4CEE-B246-EEBB1E6336F1}.Debug|x64.ActiveCfg = Debug|iPhone
		{E523AF4C-D04F-4CEE-B246-EEBB1E6336F1}.Debug|x86.ActiveCfg = Debug|iPhone
		{E523AF4C-D04F-4CEE-B246-EEBB1E6336F1}.Release|Any CPU.ActiveCfg = Release|iPhone
		{E523AF4C-D04F-4CEE-B246-EEBB1E6336F1}.Release|ARM.ActiveCfg = Release|iPhone
		{E523AF4C-D04F-4CEE-B246-EEBB1E6336F1}.Release|iPhone.ActiveCfg = Release|iPhone
		{E523AF4C-D04F-4CEE-B246-EEBB1E6336F1}.Release|iPhone.Build.0 = Release|iPhone
		{E523AF4C-D04F-4CEE-B246-EEBB1E6336F1}.Release|iPhoneSimulator.ActiveCfg = Release|iPhoneSimulator
		{E523AF4C-D04F-4CEE-B246-EEBB1E6336F1}.Release|iPhoneSimulator.Build.0 = Release|iPhoneSimulator
		{E523AF4C-D04F-4CEE-B246-EEBB1E6336F1}.Release|x64.ActiveCfg = Release|iPhone
		{E523AF4C-D04F-4CEE-B246-EEBB1E6336F1}.Release|x86.ActiveCfg = Release|iPhone
		{0CA99DAA-52E5-4D1D-B996-36BF7D58FE86}.Ad-Hoc|Any CPU.ActiveCfg = Release|Any CPU
		{0CA99DAA-52E5-4D1D-B996-36BF7D58FE86}.Ad-Hoc|Any CPU.Build.0 = Release|Any CPU
		{0CA99DAA-52E5-4D1D-B996-36BF7D58FE86}.Ad-Hoc|Any CPU.Deploy.0 = Release|Any CPU
		{0CA99DAA-52E5-4D1D-B996-36BF7D58FE86}.Ad-Hoc|ARM.ActiveCfg = Release|ARM
		{0CA99DAA-52E5-4D1D-B996-36BF7D58FE86}.Ad-Hoc|ARM.Build.0 = Release|ARM
		{0CA99DAA-52E5-4D1D-B996-36BF7D58FE86}.Ad-Hoc|ARM.Deploy.0 = Release|ARM
		{0CA99DAA-52E5-4D1D-B996-36BF7D58FE86}.Ad-Hoc|iPhone.ActiveCfg = Release|Any CPU
		{0CA99DAA-52E5-4D1D-B996-36BF7D58FE86}.Ad-Hoc|iPhone.Build.0 = Release|Any CPU
		{0CA99DAA-52E5-4D1D-B996-36BF7D58FE86}.Ad-Hoc|iPhone.Deploy.0 = Release|Any CPU
		{0CA99DAA-52E5-4D1D-B996-36BF7D58FE86}.Ad-Hoc|iPhoneSimulator.ActiveCfg = Release|Any CPU
		{0CA99DAA-52E5-4D1D-B996-36BF7D58FE86}.Ad-Hoc|iPhoneSimulator.Build.0 = Release|Any CPU
		{0CA99DAA-52E5-4D1D-B996-36BF7D58FE86}.Ad-Hoc|iPhoneSimulator.Deploy.0 = Release|Any CPU
		{0CA99DAA-52E5-4D1D-B996-36BF7D58FE86}.Ad-Hoc|x64.ActiveCfg = Release|Any CPU
		{0CA99DAA-52E5-4D1D-B996-36BF7D58FE86}.Ad-Hoc|x64.Build.0 = Release|Any CPU
		{0CA99DAA-52E5-4D1D-B996-36BF7D58FE86}.Ad-Hoc|x64.Deploy.0 = Release|Any CPU
		{0CA99DAA-52E5-4D1D-B996-36BF7D58FE86}.Ad-Hoc|x86.ActiveCfg = Release|x86
		{0CA99DAA-52E5-4D1D-B996-36BF7D58FE86}.Ad-Hoc|x86.Build.0 = Release|x86
		{0CA99DAA-52E5-4D1D-B996-36BF7D58FE86}.Ad-Hoc|x86.Deploy.0 = Release|x86
		{0CA99DAA-52E5-4D1D-B996-36BF7D58FE86}.AppStore|Any CPU.ActiveCfg = Release|Any CPU
		{0CA99DAA-52E5-4D1D-B996-36BF7D58FE86}.AppStore|Any CPU.Build.0 = Release|Any CPU
		{0CA99DAA-52E5-4D1D-B996-36BF7D58FE86}.AppStore|Any CPU.Deploy.0 = Release|Any CPU
		{0CA99DAA-52E5-4D1D-B996-36BF7D58FE86}.AppStore|ARM.ActiveCfg = Release|ARM
		{0CA99DAA-52E5-4D1D-B996-36BF7D58FE86}.AppStore|ARM.Build.0 = Release|ARM
		{0CA99DAA-52E5-4D1D-B996-36BF7D58FE86}.AppStore|ARM.Deploy.0 = Release|ARM
		{0CA99DAA-52E5-4D1D-B996-36BF7D58FE86}.AppStore|iPhone.ActiveCfg = Release|Any CPU
		{0CA99DAA-52E5-4D1D-B996-36BF7D58FE86}.AppStore|iPhone.Build.0 = Release|Any CPU
		{0CA99DAA-52E5-4D1D-B996-36BF7D58FE86}.AppStore|iPhone.Deploy.0 = Release|Any CPU
		{0CA99DAA-52E5-4D1D-B996-36BF7D58FE86}.AppStore|iPhoneSimulator.ActiveCfg = Release|Any CPU
		{0CA99DAA-52E5-4D1D-B996-36BF7D58FE86}.AppStore|iPhoneSimulator.Build.0 = Release|Any CPU
		{0CA99DAA-52E5-4D1D-B996-36BF7D58FE86}.AppStore|iPhoneSimulator.Deploy.0 = Release|Any CPU
		{0CA99DAA-52E5-4D1D-B996-36BF7D58FE86}.AppStore|x64.ActiveCfg = Release|Any CPU
		{0CA99DAA-52E5-4D1D-B996-36BF7D58FE86}.AppStore|x64.Build.0 = Release|Any CPU
		{0CA99DAA-52E5-4D1D-B996-36BF7D58FE86}.AppStore|x64.Deploy.0 = Release|Any CPU
		{0CA99DAA-52E5-4D1D-B996-36BF7D58FE86}.AppStore|x86.ActiveCfg = Release|x86
		{0CA99DAA-52E5-4D1D-B996-36BF7D58FE86}.AppStore|x86.Build.0 = Release|x86
		{0CA99DAA-52E5-4D1D-B996-36BF7D58FE86}.AppStore|x86.Deploy.0 = Release|x86
		{0CA99DAA-52E5-4D1D-B996-36BF7D58FE86}.Debug|Any CPU.ActiveCfg = Debug|Any CPU
		{0CA99DAA-52E5-4D1D-B996-36BF7D58FE86}.Debug|Any CPU.Build.0 = Debug|Any CPU
		{0CA99DAA-52E5-4D1D-B996-36BF7D58FE86}.Debug|Any CPU.Deploy.0 = Debug|Any CPU
		{0CA99DAA-52E5-4D1D-B996-36BF7D58FE86}.Debug|ARM.ActiveCfg = Debug|ARM
		{0CA99DAA-52E5-4D1D-B996-36BF7D58FE86}.Debug|ARM.Build.0 = Debug|ARM
		{0CA99DAA-52E5-4D1D-B996-36BF7D58FE86}.Debug|ARM.Deploy.0 = Debug|ARM
		{0CA99DAA-52E5-4D1D-B996-36BF7D58FE86}.Debug|iPhone.ActiveCfg = Debug|Any CPU
		{0CA99DAA-52E5-4D1D-B996-36BF7D58FE86}.Debug|iPhone.Build.0 = Debug|Any CPU
		{0CA99DAA-52E5-4D1D-B996-36BF7D58FE86}.Debug|iPhone.Deploy.0 = Debug|Any CPU
		{0CA99DAA-52E5-4D1D-B996-36BF7D58FE86}.Debug|iPhoneSimulator.ActiveCfg = Debug|Any CPU
		{0CA99DAA-52E5-4D1D-B996-36BF7D58FE86}.Debug|iPhoneSimulator.Build.0 = Debug|Any CPU
		{0CA99DAA-52E5-4D1D-B996-36BF7D58FE86}.Debug|iPhoneSimulator.Deploy.0 = Debug|Any CPU
		{0CA99DAA-52E5-4D1D-B996-36BF7D58FE86}.Debug|x64.ActiveCfg = Debug|Any CPU
		{0CA99DAA-52E5-4D1D-B996-36BF7D58FE86}.Debug|x64.Build.0 = Debug|Any CPU
		{0CA99DAA-52E5-4D1D-B996-36BF7D58FE86}.Debug|x64.Deploy.0 = Debug|Any CPU
		{0CA99DAA-52E5-4D1D-B996-36BF7D58FE86}.Debug|x86.ActiveCfg = Debug|x86
		{0CA99DAA-52E5-4D1D-B996-36BF7D58FE86}.Debug|x86.Build.0 = Debug|x86
		{0CA99DAA-52E5-4D1D-B996-36BF7D58FE86}.Debug|x86.Deploy.0 = Debug|x86
		{0CA99DAA-52E5-4D1D-B996-36BF7D58FE86}.Release|Any CPU.ActiveCfg = Release|Any CPU
		{0CA99DAA-52E5-4D1D-B996-36BF7D58FE86}.Release|Any CPU.Build.0 = Release|Any CPU
		{0CA99DAA-52E5-4D1D-B996-36BF7D58FE86}.Release|Any CPU.Deploy.0 = Release|Any CPU
		{0CA99DAA-52E5-4D1D-B996-36BF7D58FE86}.Release|ARM.ActiveCfg = Release|ARM
		{0CA99DAA-52E5-4D1D-B996-36BF7D58FE86}.Release|ARM.Build.0 = Release|ARM
		{0CA99DAA-52E5-4D1D-B996-36BF7D58FE86}.Release|ARM.Deploy.0 = Release|ARM
		{0CA99DAA-52E5-4D1D-B996-36BF7D58FE86}.Release|iPhone.ActiveCfg = Release|Any CPU
		{0CA99DAA-52E5-4D1D-B996-36BF7D58FE86}.Release|iPhone.Build.0 = Release|Any CPU
		{0CA99DAA-52E5-4D1D-B996-36BF7D58FE86}.Release|iPhone.Deploy.0 = Release|Any CPU
		{0CA99DAA-52E5-4D1D-B996-36BF7D58FE86}.Release|iPhoneSimulator.ActiveCfg = Release|Any CPU
		{0CA99DAA-52E5-4D1D-B996-36BF7D58FE86}.Release|iPhoneSimulator.Build.0 = Release|Any CPU
		{0CA99DAA-52E5-4D1D-B996-36BF7D58FE86}.Release|iPhoneSimulator.Deploy.0 = Release|Any CPU
		{0CA99DAA-52E5-4D1D-B996-36BF7D58FE86}.Release|x64.ActiveCfg = Release|Any CPU
		{0CA99DAA-52E5-4D1D-B996-36BF7D58FE86}.Release|x64.Build.0 = Release|Any CPU
		{0CA99DAA-52E5-4D1D-B996-36BF7D58FE86}.Release|x64.Deploy.0 = Release|Any CPU
		{0CA99DAA-52E5-4D1D-B996-36BF7D58FE86}.Release|x86.ActiveCfg = Release|x86
		{0CA99DAA-52E5-4D1D-B996-36BF7D58FE86}.Release|x86.Build.0 = Release|x86
		{0CA99DAA-52E5-4D1D-B996-36BF7D58FE86}.Release|x86.Deploy.0 = Release|x86
		{E83F275E-B8ED-4AA1-891B-03E86118CBAB}.Ad-Hoc|Any CPU.ActiveCfg = Release|x86
		{E83F275E-B8ED-4AA1-891B-03E86118CBAB}.Ad-Hoc|Any CPU.Build.0 = Release|x86
		{E83F275E-B8ED-4AA1-891B-03E86118CBAB}.Ad-Hoc|Any CPU.Deploy.0 = Release|x86
		{E83F275E-B8ED-4AA1-891B-03E86118CBAB}.Ad-Hoc|ARM.ActiveCfg = Release|ARM
		{E83F275E-B8ED-4AA1-891B-03E86118CBAB}.Ad-Hoc|ARM.Build.0 = Release|ARM
		{E83F275E-B8ED-4AA1-891B-03E86118CBAB}.Ad-Hoc|ARM.Deploy.0 = Release|ARM
		{E83F275E-B8ED-4AA1-891B-03E86118CBAB}.Ad-Hoc|iPhone.ActiveCfg = Release|x86
		{E83F275E-B8ED-4AA1-891B-03E86118CBAB}.Ad-Hoc|iPhone.Build.0 = Release|x86
		{E83F275E-B8ED-4AA1-891B-03E86118CBAB}.Ad-Hoc|iPhone.Deploy.0 = Release|x86
		{E83F275E-B8ED-4AA1-891B-03E86118CBAB}.Ad-Hoc|iPhoneSimulator.ActiveCfg = Release|x86
		{E83F275E-B8ED-4AA1-891B-03E86118CBAB}.Ad-Hoc|iPhoneSimulator.Build.0 = Release|x86
		{E83F275E-B8ED-4AA1-891B-03E86118CBAB}.Ad-Hoc|iPhoneSimulator.Deploy.0 = Release|x86
		{E83F275E-B8ED-4AA1-891B-03E86118CBAB}.Ad-Hoc|x64.ActiveCfg = Release|x64
		{E83F275E-B8ED-4AA1-891B-03E86118CBAB}.Ad-Hoc|x64.Build.0 = Release|x64
		{E83F275E-B8ED-4AA1-891B-03E86118CBAB}.Ad-Hoc|x64.Deploy.0 = Release|x64
		{E83F275E-B8ED-4AA1-891B-03E86118CBAB}.Ad-Hoc|x86.ActiveCfg = Release|x86
		{E83F275E-B8ED-4AA1-891B-03E86118CBAB}.Ad-Hoc|x86.Build.0 = Release|x86
		{E83F275E-B8ED-4AA1-891B-03E86118CBAB}.Ad-Hoc|x86.Deploy.0 = Release|x86
		{E83F275E-B8ED-4AA1-891B-03E86118CBAB}.AppStore|Any CPU.ActiveCfg = Release|x86
		{E83F275E-B8ED-4AA1-891B-03E86118CBAB}.AppStore|Any CPU.Build.0 = Release|x86
		{E83F275E-B8ED-4AA1-891B-03E86118CBAB}.AppStore|Any CPU.Deploy.0 = Release|x86
		{E83F275E-B8ED-4AA1-891B-03E86118CBAB}.AppStore|ARM.ActiveCfg = Release|ARM
		{E83F275E-B8ED-4AA1-891B-03E86118CBAB}.AppStore|ARM.Build.0 = Release|ARM
		{E83F275E-B8ED-4AA1-891B-03E86118CBAB}.AppStore|ARM.Deploy.0 = Release|ARM
		{E83F275E-B8ED-4AA1-891B-03E86118CBAB}.AppStore|iPhone.ActiveCfg = Release|x86
		{E83F275E-B8ED-4AA1-891B-03E86118CBAB}.AppStore|iPhone.Build.0 = Release|x86
		{E83F275E-B8ED-4AA1-891B-03E86118CBAB}.AppStore|iPhone.Deploy.0 = Release|x86
		{E83F275E-B8ED-4AA1-891B-03E86118CBAB}.AppStore|iPhoneSimulator.ActiveCfg = Release|x86
		{E83F275E-B8ED-4AA1-891B-03E86118CBAB}.AppStore|iPhoneSimulator.Build.0 = Release|x86
		{E83F275E-B8ED-4AA1-891B-03E86118CBAB}.AppStore|iPhoneSimulator.Deploy.0 = Release|x86
		{E83F275E-B8ED-4AA1-891B-03E86118CBAB}.AppStore|x64.ActiveCfg = Release|x64
		{E83F275E-B8ED-4AA1-891B-03E86118CBAB}.AppStore|x64.Build.0 = Release|x64
		{E83F275E-B8ED-4AA1-891B-03E86118CBAB}.AppStore|x64.Deploy.0 = Release|x64
		{E83F275E-B8ED-4AA1-891B-03E86118CBAB}.AppStore|x86.ActiveCfg = Release|x86
		{E83F275E-B8ED-4AA1-891B-03E86118CBAB}.AppStore|x86.Build.0 = Release|x86
		{E83F275E-B8ED-4AA1-891B-03E86118CBAB}.AppStore|x86.Deploy.0 = Release|x86
		{E83F275E-B8ED-4AA1-891B-03E86118CBAB}.Debug|Any CPU.ActiveCfg = Debug|x86
		{E83F275E-B8ED-4AA1-891B-03E86118CBAB}.Debug|ARM.ActiveCfg = Debug|ARM
		{E83F275E-B8ED-4AA1-891B-03E86118CBAB}.Debug|ARM.Build.0 = Debug|ARM
		{E83F275E-B8ED-4AA1-891B-03E86118CBAB}.Debug|ARM.Deploy.0 = Debug|ARM
		{E83F275E-B8ED-4AA1-891B-03E86118CBAB}.Debug|iPhone.ActiveCfg = Debug|x86
		{E83F275E-B8ED-4AA1-891B-03E86118CBAB}.Debug|iPhoneSimulator.ActiveCfg = Debug|x86
		{E83F275E-B8ED-4AA1-891B-03E86118CBAB}.Debug|x64.ActiveCfg = Debug|x64
		{E83F275E-B8ED-4AA1-891B-03E86118CBAB}.Debug|x64.Build.0 = Debug|x64
		{E83F275E-B8ED-4AA1-891B-03E86118CBAB}.Debug|x64.Deploy.0 = Debug|x64
		{E83F275E-B8ED-4AA1-891B-03E86118CBAB}.Debug|x86.ActiveCfg = Debug|x86
		{E83F275E-B8ED-4AA1-891B-03E86118CBAB}.Debug|x86.Build.0 = Debug|x86
		{E83F275E-B8ED-4AA1-891B-03E86118CBAB}.Debug|x86.Deploy.0 = Debug|x86
		{E83F275E-B8ED-4AA1-891B-03E86118CBAB}.Release|Any CPU.ActiveCfg = Release|x86
		{E83F275E-B8ED-4AA1-891B-03E86118CBAB}.Release|ARM.ActiveCfg = Release|ARM
		{E83F275E-B8ED-4AA1-891B-03E86118CBAB}.Release|ARM.Build.0 = Release|ARM
		{E83F275E-B8ED-4AA1-891B-03E86118CBAB}.Release|ARM.Deploy.0 = Release|ARM
		{E83F275E-B8ED-4AA1-891B-03E86118CBAB}.Release|iPhone.ActiveCfg = Release|x86
		{E83F275E-B8ED-4AA1-891B-03E86118CBAB}.Release|iPhoneSimulator.ActiveCfg = Release|x86
		{E83F275E-B8ED-4AA1-891B-03E86118CBAB}.Release|x64.ActiveCfg = Release|x64
		{E83F275E-B8ED-4AA1-891B-03E86118CBAB}.Release|x64.Build.0 = Release|x64
		{E83F275E-B8ED-4AA1-891B-03E86118CBAB}.Release|x64.Deploy.0 = Release|x64
		{E83F275E-B8ED-4AA1-891B-03E86118CBAB}.Release|x86.ActiveCfg = Release|x86
		{E83F275E-B8ED-4AA1-891B-03E86118CBAB}.Release|x86.Build.0 = Release|x86
		{E83F275E-B8ED-4AA1-891B-03E86118CBAB}.Release|x86.Deploy.0 = Release|x86
		{24A3BF4E-B596-45D4-8C80-4CC6CD732F0A}.Ad-Hoc|Any CPU.ActiveCfg = Release|Any CPU
		{24A3BF4E-B596-45D4-8C80-4CC6CD732F0A}.Ad-Hoc|Any CPU.Build.0 = Release|Any CPU
		{24A3BF4E-B596-45D4-8C80-4CC6CD732F0A}.Ad-Hoc|Any CPU.Deploy.0 = Release|Any CPU
		{24A3BF4E-B596-45D4-8C80-4CC6CD732F0A}.Ad-Hoc|ARM.ActiveCfg = Release|ARM
		{24A3BF4E-B596-45D4-8C80-4CC6CD732F0A}.Ad-Hoc|ARM.Build.0 = Release|ARM
		{24A3BF4E-B596-45D4-8C80-4CC6CD732F0A}.Ad-Hoc|ARM.Deploy.0 = Release|ARM
		{24A3BF4E-B596-45D4-8C80-4CC6CD732F0A}.Ad-Hoc|iPhone.ActiveCfg = Release|Any CPU
		{24A3BF4E-B596-45D4-8C80-4CC6CD732F0A}.Ad-Hoc|iPhone.Build.0 = Release|Any CPU
		{24A3BF4E-B596-45D4-8C80-4CC6CD732F0A}.Ad-Hoc|iPhone.Deploy.0 = Release|Any CPU
		{24A3BF4E-B596-45D4-8C80-4CC6CD732F0A}.Ad-Hoc|iPhoneSimulator.ActiveCfg = Release|Any CPU
		{24A3BF4E-B596-45D4-8C80-4CC6CD732F0A}.Ad-Hoc|iPhoneSimulator.Build.0 = Release|Any CPU
		{24A3BF4E-B596-45D4-8C80-4CC6CD732F0A}.Ad-Hoc|iPhoneSimulator.Deploy.0 = Release|Any CPU
		{24A3BF4E-B596-45D4-8C80-4CC6CD732F0A}.Ad-Hoc|x64.ActiveCfg = Release|x64
		{24A3BF4E-B596-45D4-8C80-4CC6CD732F0A}.Ad-Hoc|x64.Build.0 = Release|x64
		{24A3BF4E-B596-45D4-8C80-4CC6CD732F0A}.Ad-Hoc|x64.Deploy.0 = Release|x64
		{24A3BF4E-B596-45D4-8C80-4CC6CD732F0A}.Ad-Hoc|x86.ActiveCfg = Release|x86
		{24A3BF4E-B596-45D4-8C80-4CC6CD732F0A}.Ad-Hoc|x86.Build.0 = Release|x86
		{24A3BF4E-B596-45D4-8C80-4CC6CD732F0A}.Ad-Hoc|x86.Deploy.0 = Release|x86
		{24A3BF4E-B596-45D4-8C80-4CC6CD732F0A}.AppStore|Any CPU.ActiveCfg = Release|Any CPU
		{24A3BF4E-B596-45D4-8C80-4CC6CD732F0A}.AppStore|Any CPU.Build.0 = Release|Any CPU
		{24A3BF4E-B596-45D4-8C80-4CC6CD732F0A}.AppStore|Any CPU.Deploy.0 = Release|Any CPU
		{24A3BF4E-B596-45D4-8C80-4CC6CD732F0A}.AppStore|ARM.ActiveCfg = Release|ARM
		{24A3BF4E-B596-45D4-8C80-4CC6CD732F0A}.AppStore|ARM.Build.0 = Release|ARM
		{24A3BF4E-B596-45D4-8C80-4CC6CD732F0A}.AppStore|ARM.Deploy.0 = Release|ARM
		{24A3BF4E-B596-45D4-8C80-4CC6CD732F0A}.AppStore|iPhone.ActiveCfg = Release|Any CPU
		{24A3BF4E-B596-45D4-8C80-4CC6CD732F0A}.AppStore|iPhone.Build.0 = Release|Any CPU
		{24A3BF4E-B596-45D4-8C80-4CC6CD732F0A}.AppStore|iPhone.Deploy.0 = Release|Any CPU
		{24A3BF4E-B596-45D4-8C80-4CC6CD732F0A}.AppStore|iPhoneSimulator.ActiveCfg = Release|Any CPU
		{24A3BF4E-B596-45D4-8C80-4CC6CD732F0A}.AppStore|iPhoneSimulator.Build.0 = Release|Any CPU
		{24A3BF4E-B596-45D4-8C80-4CC6CD732F0A}.AppStore|iPhoneSimulator.Deploy.0 = Release|Any CPU
		{24A3BF4E-B596-45D4-8C80-4CC6CD732F0A}.AppStore|x64.ActiveCfg = Release|x64
		{24A3BF4E-B596-45D4-8C80-4CC6CD732F0A}.AppStore|x64.Build.0 = Release|x64
		{24A3BF4E-B596-45D4-8C80-4CC6CD732F0A}.AppStore|x64.Deploy.0 = Release|x64
		{24A3BF4E-B596-45D4-8C80-4CC6CD732F0A}.AppStore|x86.ActiveCfg = Release|x86
		{24A3BF4E-B596-45D4-8C80-4CC6CD732F0A}.AppStore|x86.Build.0 = Release|x86
		{24A3BF4E-B596-45D4-8C80-4CC6CD732F0A}.AppStore|x86.Deploy.0 = Release|x86
		{24A3BF4E-B596-45D4-8C80-4CC6CD732F0A}.Debug|Any CPU.ActiveCfg = Debug|Any CPU
		{24A3BF4E-B596-45D4-8C80-4CC6CD732F0A}.Debug|Any CPU.Build.0 = Debug|Any CPU
		{24A3BF4E-B596-45D4-8C80-4CC6CD732F0A}.Debug|Any CPU.Deploy.0 = Debug|Any CPU
		{24A3BF4E-B596-45D4-8C80-4CC6CD732F0A}.Debug|ARM.ActiveCfg = Debug|ARM
		{24A3BF4E-B596-45D4-8C80-4CC6CD732F0A}.Debug|ARM.Build.0 = Debug|ARM
		{24A3BF4E-B596-45D4-8C80-4CC6CD732F0A}.Debug|ARM.Deploy.0 = Debug|ARM
		{24A3BF4E-B596-45D4-8C80-4CC6CD732F0A}.Debug|iPhone.ActiveCfg = Debug|Any CPU
		{24A3BF4E-B596-45D4-8C80-4CC6CD732F0A}.Debug|iPhone.Build.0 = Debug|Any CPU
		{24A3BF4E-B596-45D4-8C80-4CC6CD732F0A}.Debug|iPhone.Deploy.0 = Debug|Any CPU
		{24A3BF4E-B596-45D4-8C80-4CC6CD732F0A}.Debug|iPhoneSimulator.ActiveCfg = Debug|Any CPU
		{24A3BF4E-B596-45D4-8C80-4CC6CD732F0A}.Debug|iPhoneSimulator.Build.0 = Debug|Any CPU
		{24A3BF4E-B596-45D4-8C80-4CC6CD732F0A}.Debug|iPhoneSimulator.Deploy.0 = Debug|Any CPU
		{24A3BF4E-B596-45D4-8C80-4CC6CD732F0A}.Debug|x64.ActiveCfg = Debug|x64
		{24A3BF4E-B596-45D4-8C80-4CC6CD732F0A}.Debug|x64.Build.0 = Debug|x64
		{24A3BF4E-B596-45D4-8C80-4CC6CD732F0A}.Debug|x64.Deploy.0 = Debug|x64
		{24A3BF4E-B596-45D4-8C80-4CC6CD732F0A}.Debug|x86.ActiveCfg = Debug|x86
		{24A3BF4E-B596-45D4-8C80-4CC6CD732F0A}.Debug|x86.Build.0 = Debug|x86
		{24A3BF4E-B596-45D4-8C80-4CC6CD732F0A}.Debug|x86.Deploy.0 = Debug|x86
		{24A3BF4E-B596-45D4-8C80-4CC6CD732F0A}.Release|Any CPU.ActiveCfg = Release|Any CPU
		{24A3BF4E-B596-45D4-8C80-4CC6CD732F0A}.Release|Any CPU.Build.0 = Release|Any CPU
		{24A3BF4E-B596-45D4-8C80-4CC6CD732F0A}.Release|Any CPU.Deploy.0 = Release|Any CPU
		{24A3BF4E-B596-45D4-8C80-4CC6CD732F0A}.Release|ARM.ActiveCfg = Release|ARM
		{24A3BF4E-B596-45D4-8C80-4CC6CD732F0A}.Release|ARM.Build.0 = Release|ARM
		{24A3BF4E-B596-45D4-8C80-4CC6CD732F0A}.Release|ARM.Deploy.0 = Release|ARM
		{24A3BF4E-B596-45D4-8C80-4CC6CD732F0A}.Release|iPhone.ActiveCfg = Release|Any CPU
		{24A3BF4E-B596-45D4-8C80-4CC6CD732F0A}.Release|iPhone.Build.0 = Release|Any CPU
		{24A3BF4E-B596-45D4-8C80-4CC6CD732F0A}.Release|iPhone.Deploy.0 = Release|Any CPU
		{24A3BF4E-B596-45D4-8C80-4CC6CD732F0A}.Release|iPhoneSimulator.ActiveCfg = Release|Any CPU
		{24A3BF4E-B596-45D4-8C80-4CC6CD732F0A}.Release|iPhoneSimulator.Build.0 = Release|Any CPU
		{24A3BF4E-B596-45D4-8C80-4CC6CD732F0A}.Release|iPhoneSimulator.Deploy.0 = Release|Any CPU
		{24A3BF4E-B596-45D4-8C80-4CC6CD732F0A}.Release|x64.ActiveCfg = Release|x64
		{24A3BF4E-B596-45D4-8C80-4CC6CD732F0A}.Release|x64.Build.0 = Release|x64
		{24A3BF4E-B596-45D4-8C80-4CC6CD732F0A}.Release|x64.Deploy.0 = Release|x64
		{24A3BF4E-B596-45D4-8C80-4CC6CD732F0A}.Release|x86.ActiveCfg = Release|x86
		{24A3BF4E-B596-45D4-8C80-4CC6CD732F0A}.Release|x86.Build.0 = Release|x86
		{24A3BF4E-B596-45D4-8C80-4CC6CD732F0A}.Release|x86.Deploy.0 = Release|x86
		{6807C760-7C25-4135-B0BA-345BF3170E24}.Ad-Hoc|Any CPU.ActiveCfg = Release|Any CPU
		{6807C760-7C25-4135-B0BA-345BF3170E24}.Ad-Hoc|Any CPU.Build.0 = Release|Any CPU
		{6807C760-7C25-4135-B0BA-345BF3170E24}.Ad-Hoc|ARM.ActiveCfg = Release|Any CPU
		{6807C760-7C25-4135-B0BA-345BF3170E24}.Ad-Hoc|ARM.Build.0 = Release|Any CPU
		{6807C760-7C25-4135-B0BA-345BF3170E24}.Ad-Hoc|iPhone.ActiveCfg = Release|Any CPU
		{6807C760-7C25-4135-B0BA-345BF3170E24}.Ad-Hoc|iPhone.Build.0 = Release|Any CPU
		{6807C760-7C25-4135-B0BA-345BF3170E24}.Ad-Hoc|iPhoneSimulator.ActiveCfg = Release|Any CPU
		{6807C760-7C25-4135-B0BA-345BF3170E24}.Ad-Hoc|iPhoneSimulator.Build.0 = Release|Any CPU
		{6807C760-7C25-4135-B0BA-345BF3170E24}.Ad-Hoc|x64.ActiveCfg = Release|Any CPU
		{6807C760-7C25-4135-B0BA-345BF3170E24}.Ad-Hoc|x64.Build.0 = Release|Any CPU
		{6807C760-7C25-4135-B0BA-345BF3170E24}.Ad-Hoc|x86.ActiveCfg = Release|Any CPU
		{6807C760-7C25-4135-B0BA-345BF3170E24}.Ad-Hoc|x86.Build.0 = Release|Any CPU
		{6807C760-7C25-4135-B0BA-345BF3170E24}.AppStore|Any CPU.ActiveCfg = Release|Any CPU
		{6807C760-7C25-4135-B0BA-345BF3170E24}.AppStore|Any CPU.Build.0 = Release|Any CPU
		{6807C760-7C25-4135-B0BA-345BF3170E24}.AppStore|ARM.ActiveCfg = Release|Any CPU
		{6807C760-7C25-4135-B0BA-345BF3170E24}.AppStore|ARM.Build.0 = Release|Any CPU
		{6807C760-7C25-4135-B0BA-345BF3170E24}.AppStore|iPhone.ActiveCfg = Release|Any CPU
		{6807C760-7C25-4135-B0BA-345BF3170E24}.AppStore|iPhone.Build.0 = Release|Any CPU
		{6807C760-7C25-4135-B0BA-345BF3170E24}.AppStore|iPhoneSimulator.ActiveCfg = Release|Any CPU
		{6807C760-7C25-4135-B0BA-345BF3170E24}.AppStore|iPhoneSimulator.Build.0 = Release|Any CPU
		{6807C760-7C25-4135-B0BA-345BF3170E24}.AppStore|x64.ActiveCfg = Release|Any CPU
		{6807C760-7C25-4135-B0BA-345BF3170E24}.AppStore|x64.Build.0 = Release|Any CPU
		{6807C760-7C25-4135-B0BA-345BF3170E24}.AppStore|x86.ActiveCfg = Release|Any CPU
		{6807C760-7C25-4135-B0BA-345BF3170E24}.AppStore|x86.Build.0 = Release|Any CPU
		{6807C760-7C25-4135-B0BA-345BF3170E24}.Debug|Any CPU.ActiveCfg = Debug|Any CPU
		{6807C760-7C25-4135-B0BA-345BF3170E24}.Debug|Any CPU.Build.0 = Debug|Any CPU
		{6807C760-7C25-4135-B0BA-345BF3170E24}.Debug|ARM.ActiveCfg = Debug|Any CPU
		{6807C760-7C25-4135-B0BA-345BF3170E24}.Debug|ARM.Build.0 = Debug|Any CPU
		{6807C760-7C25-4135-B0BA-345BF3170E24}.Debug|iPhone.ActiveCfg = Debug|Any CPU
		{6807C760-7C25-4135-B0BA-345BF3170E24}.Debug|iPhone.Build.0 = Debug|Any CPU
		{6807C760-7C25-4135-B0BA-345BF3170E24}.Debug|iPhoneSimulator.ActiveCfg = Debug|Any CPU
		{6807C760-7C25-4135-B0BA-345BF3170E24}.Debug|iPhoneSimulator.Build.0 = Debug|Any CPU
		{6807C760-7C25-4135-B0BA-345BF3170E24}.Debug|x64.ActiveCfg = Debug|Any CPU
		{6807C760-7C25-4135-B0BA-345BF3170E24}.Debug|x64.Build.0 = Debug|Any CPU
		{6807C760-7C25-4135-B0BA-345BF3170E24}.Debug|x86.ActiveCfg = Debug|Any CPU
		{6807C760-7C25-4135-B0BA-345BF3170E24}.Debug|x86.Build.0 = Debug|Any CPU
		{6807C760-7C25-4135-B0BA-345BF3170E24}.Release|Any CPU.ActiveCfg = Release|Any CPU
		{6807C760-7C25-4135-B0BA-345BF3170E24}.Release|Any CPU.Build.0 = Release|Any CPU
		{6807C760-7C25-4135-B0BA-345BF3170E24}.Release|ARM.ActiveCfg = Release|Any CPU
		{6807C760-7C25-4135-B0BA-345BF3170E24}.Release|ARM.Build.0 = Release|Any CPU
		{6807C760-7C25-4135-B0BA-345BF3170E24}.Release|iPhone.ActiveCfg = Release|Any CPU
		{6807C760-7C25-4135-B0BA-345BF3170E24}.Release|iPhone.Build.0 = Release|Any CPU
		{6807C760-7C25-4135-B0BA-345BF3170E24}.Release|iPhoneSimulator.ActiveCfg = Release|Any CPU
		{6807C760-7C25-4135-B0BA-345BF3170E24}.Release|iPhoneSimulator.Build.0 = Release|Any CPU
		{6807C760-7C25-4135-B0BA-345BF3170E24}.Release|x64.ActiveCfg = Release|Any CPU
		{6807C760-7C25-4135-B0BA-345BF3170E24}.Release|x64.Build.0 = Release|Any CPU
		{6807C760-7C25-4135-B0BA-345BF3170E24}.Release|x86.ActiveCfg = Release|Any CPU
		{6807C760-7C25-4135-B0BA-345BF3170E24}.Release|x86.Build.0 = Release|Any CPU
	EndGlobalSection
	GlobalSection(SolutionProperties) = preSolution
		HideSolutionNode = FALSE
	EndGlobalSection
EndGlobal
